// !$*UTF8*$!
{
	archiveVersion = 1;
	classes = {
	};
	objectVersion = 56;
	objects = {

/* Begin PBXBuildFile section */
		068F84500BC74B2B8CC1AF78 /* Pods_Test_TestUITests.framework in Frameworks */ = {isa = PBXBuildFile; fileRef = 7D0A42F625A785C7B651E0A1 /* Pods_Test_TestUITests.framework */; };
		0DD3B61929977E63000FC950 /* AppDelegate.swift in Sources */ = {isa = PBXBuildFile; fileRef = 0DD3B61829977E63000FC950 /* AppDelegate.swift */; };
		0DD3B61B29977E63000FC950 /* SceneDelegate.swift in Sources */ = {isa = PBXBuildFile; fileRef = 0DD3B61A29977E63000FC950 /* SceneDelegate.swift */; };
		0DD3B61D29977E63000FC950 /* ViewController.swift in Sources */ = {isa = PBXBuildFile; fileRef = 0DD3B61C29977E63000FC950 /* ViewController.swift */; };
		0DD3B62029977E63000FC950 /* Main.storyboard in Resources */ = {isa = PBXBuildFile; fileRef = 0DD3B61E29977E63000FC950 /* Main.storyboard */; };
		0DD3B62229977E64000FC950 /* Assets.xcassets in Resources */ = {isa = PBXBuildFile; fileRef = 0DD3B62129977E64000FC950 /* Assets.xcassets */; };
		0DD3B62529977E64000FC950 /* LaunchScreen.storyboard in Resources */ = {isa = PBXBuildFile; fileRef = 0DD3B62329977E64000FC950 /* LaunchScreen.storyboard */; };
		0DD3B63029977E64000FC950 /* TestTests.swift in Sources */ = {isa = PBXBuildFile; fileRef = 0DD3B62F29977E64000FC950 /* TestTests.swift */; };
		0DD3B63A29977E64000FC950 /* TestUITests.swift in Sources */ = {isa = PBXBuildFile; fileRef = 0DD3B63929977E64000FC950 /* TestUITests.swift */; };
		0DD3B63C29977E64000FC950 /* TestUITestsLaunchTests.swift in Sources */ = {isa = PBXBuildFile; fileRef = 0DD3B63B29977E64000FC950 /* TestUITestsLaunchTests.swift */; };
		0DD3B649299807BB000FC950 /* SearchResults.swift in Sources */ = {isa = PBXBuildFile; fileRef = 0DD3B648299807BB000FC950 /* SearchResults.swift */; };
		0DD3B64E299809BF000FC950 /* SearchResultCollectionViewCell.swift in Sources */ = {isa = PBXBuildFile; fileRef = 0DD3B64C299809BF000FC950 /* SearchResultCollectionViewCell.swift */; };
		0DD3B64F299809BF000FC950 /* SearchResultCollectionViewCell.xib in Resources */ = {isa = PBXBuildFile; fileRef = 0DD3B64D299809BF000FC950 /* SearchResultCollectionViewCell.xib */; };
		10E29E2A06947ADAB78EF81F /* Pods_Test.framework in Frameworks */ = {isa = PBXBuildFile; fileRef = 72BD77930F5946F2659EB99D /* Pods_Test.framework */; };
		EF898E0045A251DCDA204872 /* Pods_TestTests.framework in Frameworks */ = {isa = PBXBuildFile; fileRef = 9105500869F5C9A64A47C12B /* Pods_TestTests.framework */; };
/* End PBXBuildFile section */

/* Begin PBXContainerItemProxy section */
		0DD3B62C29977E64000FC950 /* PBXContainerItemProxy */ = {
			isa = PBXContainerItemProxy;
			containerPortal = 0DD3B60D29977E63000FC950 /* Project object */;
			proxyType = 1;
			remoteGlobalIDString = 0DD3B61429977E63000FC950;
			remoteInfo = Test;
		};
		0DD3B63629977E64000FC950 /* PBXContainerItemProxy */ = {
			isa = PBXContainerItemProxy;
			containerPortal = 0DD3B60D29977E63000FC950 /* Project object */;
			proxyType = 1;
			remoteGlobalIDString = 0DD3B61429977E63000FC950;
			remoteInfo = Test;
		};
/* End PBXContainerItemProxy section */

/* Begin PBXFileReference section */
		0DD3B61529977E63000FC950 /* Test.app */ = {isa = PBXFileReference; explicitFileType = wrapper.application; includeInIndex = 0; path = Test.app; sourceTree = BUILT_PRODUCTS_DIR; };
		0DD3B61829977E63000FC950 /* AppDelegate.swift */ = {isa = PBXFileReference; lastKnownFileType = sourcecode.swift; path = AppDelegate.swift; sourceTree = "<group>"; };
		0DD3B61A29977E63000FC950 /* SceneDelegate.swift */ = {isa = PBXFileReference; lastKnownFileType = sourcecode.swift; path = SceneDelegate.swift; sourceTree = "<group>"; };
		0DD3B61C29977E63000FC950 /* ViewController.swift */ = {isa = PBXFileReference; lastKnownFileType = sourcecode.swift; path = ViewController.swift; sourceTree = "<group>"; };
		0DD3B61F29977E63000FC950 /* Base */ = {isa = PBXFileReference; lastKnownFileType = file.storyboard; name = Base; path = Base.lproj/Main.storyboard; sourceTree = "<group>"; };
		0DD3B62129977E64000FC950 /* Assets.xcassets */ = {isa = PBXFileReference; lastKnownFileType = folder.assetcatalog; path = Assets.xcassets; sourceTree = "<group>"; };
		0DD3B62429977E64000FC950 /* Base */ = {isa = PBXFileReference; lastKnownFileType = file.storyboard; name = Base; path = Base.lproj/LaunchScreen.storyboard; sourceTree = "<group>"; };
		0DD3B62629977E64000FC950 /* Info.plist */ = {isa = PBXFileReference; lastKnownFileType = text.plist.xml; path = Info.plist; sourceTree = "<group>"; };
		0DD3B62B29977E64000FC950 /* TestTests.xctest */ = {isa = PBXFileReference; explicitFileType = wrapper.cfbundle; includeInIndex = 0; path = TestTests.xctest; sourceTree = BUILT_PRODUCTS_DIR; };
		0DD3B62F29977E64000FC950 /* TestTests.swift */ = {isa = PBXFileReference; lastKnownFileType = sourcecode.swift; path = TestTests.swift; sourceTree = "<group>"; };
		0DD3B63529977E64000FC950 /* TestUITests.xctest */ = {isa = PBXFileReference; explicitFileType = wrapper.cfbundle; includeInIndex = 0; path = TestUITests.xctest; sourceTree = BUILT_PRODUCTS_DIR; };
		0DD3B63929977E64000FC950 /* TestUITests.swift */ = {isa = PBXFileReference; lastKnownFileType = sourcecode.swift; path = TestUITests.swift; sourceTree = "<group>"; };
		0DD3B63B29977E64000FC950 /* TestUITestsLaunchTests.swift */ = {isa = PBXFileReference; lastKnownFileType = sourcecode.swift; path = TestUITestsLaunchTests.swift; sourceTree = "<group>"; };
		0DD3B648299807BB000FC950 /* SearchResults.swift */ = {isa = PBXFileReference; lastKnownFileType = sourcecode.swift; path = SearchResults.swift; sourceTree = "<group>"; };
		0DD3B64C299809BF000FC950 /* SearchResultCollectionViewCell.swift */ = {isa = PBXFileReference; lastKnownFileType = sourcecode.swift; path = SearchResultCollectionViewCell.swift; sourceTree = "<group>"; };
		0DD3B64D299809BF000FC950 /* SearchResultCollectionViewCell.xib */ = {isa = PBXFileReference; lastKnownFileType = file.xib; path = SearchResultCollectionViewCell.xib; sourceTree = "<group>"; };
		115827528B73F6038FDE1D25 /* Pods-Test.debug.xcconfig */ = {isa = PBXFileReference; includeInIndex = 1; lastKnownFileType = text.xcconfig; name = "Pods-Test.debug.xcconfig"; path = "Target Support Files/Pods-Test/Pods-Test.debug.xcconfig"; sourceTree = "<group>"; };
		3B7174B52FC34E6491AD3922 /* Pods-TestTests.release.xcconfig */ = {isa = PBXFileReference; includeInIndex = 1; lastKnownFileType = text.xcconfig; name = "Pods-TestTests.release.xcconfig"; path = "Target Support Files/Pods-TestTests/Pods-TestTests.release.xcconfig"; sourceTree = "<group>"; };
		608198472134AB7EBE1F0CB6 /* Pods-Test.release.xcconfig */ = {isa = PBXFileReference; includeInIndex = 1; lastKnownFileType = text.xcconfig; name = "Pods-Test.release.xcconfig"; path = "Target Support Files/Pods-Test/Pods-Test.release.xcconfig"; sourceTree = "<group>"; };
		72BD77930F5946F2659EB99D /* Pods_Test.framework */ = {isa = PBXFileReference; explicitFileType = wrapper.framework; includeInIndex = 0; path = Pods_Test.framework; sourceTree = BUILT_PRODUCTS_DIR; };
		7D0A42F625A785C7B651E0A1 /* Pods_Test_TestUITests.framework */ = {isa = PBXFileReference; explicitFileType = wrapper.framework; includeInIndex = 0; path = Pods_Test_TestUITests.framework; sourceTree = BUILT_PRODUCTS_DIR; };
		8075C02C85583AC60328624A /* Pods-Test-TestUITests.release.xcconfig */ = {isa = PBXFileReference; includeInIndex = 1; lastKnownFileType = text.xcconfig; name = "Pods-Test-TestUITests.release.xcconfig"; path = "Target Support Files/Pods-Test-TestUITests/Pods-Test-TestUITests.release.xcconfig"; sourceTree = "<group>"; };
		9105500869F5C9A64A47C12B /* Pods_TestTests.framework */ = {isa = PBXFileReference; explicitFileType = wrapper.framework; includeInIndex = 0; path = Pods_TestTests.framework; sourceTree = BUILT_PRODUCTS_DIR; };
		95216CB060AD27E9EDE85875 /* Pods-TestTests.debug.xcconfig */ = {isa = PBXFileReference; includeInIndex = 1; lastKnownFileType = text.xcconfig; name = "Pods-TestTests.debug.xcconfig"; path = "Target Support Files/Pods-TestTests/Pods-TestTests.debug.xcconfig"; sourceTree = "<group>"; };
		995687212B7395AAB50E313C /* Pods-Test-TestUITests.debug.xcconfig */ = {isa = PBXFileReference; includeInIndex = 1; lastKnownFileType = text.xcconfig; name = "Pods-Test-TestUITests.debug.xcconfig"; path = "Target Support Files/Pods-Test-TestUITests/Pods-Test-TestUITests.debug.xcconfig"; sourceTree = "<group>"; };
/* End PBXFileReference section */

/* Begin PBXFrameworksBuildPhase section */
		0DD3B61229977E63000FC950 /* Frameworks */ = {
			isa = PBXFrameworksBuildPhase;
			buildActionMask = 2147483647;
			files = (
				10E29E2A06947ADAB78EF81F /* Pods_Test.framework in Frameworks */,
			);
			runOnlyForDeploymentPostprocessing = 0;
		};
		0DD3B62829977E64000FC950 /* Frameworks */ = {
			isa = PBXFrameworksBuildPhase;
			buildActionMask = 2147483647;
			files = (
				EF898E0045A251DCDA204872 /* Pods_TestTests.framework in Frameworks */,
			);
			runOnlyForDeploymentPostprocessing = 0;
		};
		0DD3B63229977E64000FC950 /* Frameworks */ = {
			isa = PBXFrameworksBuildPhase;
			buildActionMask = 2147483647;
			files = (
				068F84500BC74B2B8CC1AF78 /* Pods_Test_TestUITests.framework in Frameworks */,
			);
			runOnlyForDeploymentPostprocessing = 0;
		};
/* End PBXFrameworksBuildPhase section */

/* Begin PBXGroup section */
		00F6AF4AA798FB446D4BAC26 /* Pods */ = {
			isa = PBXGroup;
			children = (
				115827528B73F6038FDE1D25 /* Pods-Test.debug.xcconfig */,
				608198472134AB7EBE1F0CB6 /* Pods-Test.release.xcconfig */,
				995687212B7395AAB50E313C /* Pods-Test-TestUITests.debug.xcconfig */,
				8075C02C85583AC60328624A /* Pods-Test-TestUITests.release.xcconfig */,
				95216CB060AD27E9EDE85875 /* Pods-TestTests.debug.xcconfig */,
				3B7174B52FC34E6491AD3922 /* Pods-TestTests.release.xcconfig */,
			);
			name = Pods;
			path = Pods;
			sourceTree = "<group>";
		};
		0DD3B60C29977E63000FC950 = {
			isa = PBXGroup;
			children = (
				0DD3B61729977E63000FC950 /* Test */,
				0DD3B62E29977E64000FC950 /* TestTests */,
				0DD3B63829977E64000FC950 /* TestUITests */,
				0DD3B61629977E63000FC950 /* Products */,
				00F6AF4AA798FB446D4BAC26 /* Pods */,
				8277CE39F8454A35F13999DC /* Frameworks */,
			);
			sourceTree = "<group>";
		};
		0DD3B61629977E63000FC950 /* Products */ = {
			isa = PBXGroup;
			children = (
				0DD3B61529977E63000FC950 /* Test.app */,
				0DD3B62B29977E64000FC950 /* TestTests.xctest */,
				0DD3B63529977E64000FC950 /* TestUITests.xctest */,
			);
			name = Products;
			sourceTree = "<group>";
		};
		0DD3B61729977E63000FC950 /* Test */ = {
			isa = PBXGroup;
			children = (
				0DD3B64B299809A3000FC950 /* View */,
				0DD3B64A299807DC000FC950 /* Model */,
				0DD3B61829977E63000FC950 /* AppDelegate.swift */,
				0DD3B61A29977E63000FC950 /* SceneDelegate.swift */,
				0DD3B61C29977E63000FC950 /* ViewController.swift */,
				0DD3B61E29977E63000FC950 /* Main.storyboard */,
				0DD3B62129977E64000FC950 /* Assets.xcassets */,
				0DD3B62329977E64000FC950 /* LaunchScreen.storyboard */,
				0DD3B62629977E64000FC950 /* Info.plist */,
			);
			path = Test;
			sourceTree = "<group>";
		};
		0DD3B62E29977E64000FC950 /* TestTests */ = {
			isa = PBXGroup;
			children = (
				0DD3B62F29977E64000FC950 /* TestTests.swift */,
			);
			path = TestTests;
			sourceTree = "<group>";
		};
		0DD3B63829977E64000FC950 /* TestUITests */ = {
			isa = PBXGroup;
			children = (
				0DD3B63929977E64000FC950 /* TestUITests.swift */,
				0DD3B63B29977E64000FC950 /* TestUITestsLaunchTests.swift */,
			);
			path = TestUITests;
			sourceTree = "<group>";
		};
		0DD3B64A299807DC000FC950 /* Model */ = {
			isa = PBXGroup;
			children = (
				0DD3B648299807BB000FC950 /* SearchResults.swift */,
			);
			path = Model;
			sourceTree = "<group>";
		};
		0DD3B64B299809A3000FC950 /* View */ = {
			isa = PBXGroup;
			children = (
				0DD3B64C299809BF000FC950 /* SearchResultCollectionViewCell.swift */,
				0DD3B64D299809BF000FC950 /* SearchResultCollectionViewCell.xib */,
			);
			path = View;
			sourceTree = "<group>";
		};
		8277CE39F8454A35F13999DC /* Frameworks */ = {
			isa = PBXGroup;
			children = (
				72BD77930F5946F2659EB99D /* Pods_Test.framework */,
				7D0A42F625A785C7B651E0A1 /* Pods_Test_TestUITests.framework */,
				9105500869F5C9A64A47C12B /* Pods_TestTests.framework */,
			);
			name = Frameworks;
			sourceTree = "<group>";
		};
/* End PBXGroup section */

/* Begin PBXNativeTarget section */
		0DD3B61429977E63000FC950 /* Test */ = {
			isa = PBXNativeTarget;
			buildConfigurationList = 0DD3B63F29977E64000FC950 /* Build configuration list for PBXNativeTarget "Test" */;
			buildPhases = (
				56E82932695C6427F86B3B85 /* [CP] Check Pods Manifest.lock */,
				0DD3B61129977E63000FC950 /* Sources */,
				0DD3B61229977E63000FC950 /* Frameworks */,
				0DD3B61329977E63000FC950 /* Resources */,
				6F9F4E0029C3AB83201AF280 /* [CP] Embed Pods Frameworks */,
			);
			buildRules = (
			);
			dependencies = (
			);
			name = Test;
			productName = Test;
			productReference = 0DD3B61529977E63000FC950 /* Test.app */;
			productType = "com.apple.product-type.application";
		};
		0DD3B62A29977E64000FC950 /* TestTests */ = {
			isa = PBXNativeTarget;
			buildConfigurationList = 0DD3B64229977E64000FC950 /* Build configuration list for PBXNativeTarget "TestTests" */;
			buildPhases = (
				F3F87AE71F82C297BA0426A2 /* [CP] Check Pods Manifest.lock */,
				0DD3B62729977E64000FC950 /* Sources */,
				0DD3B62829977E64000FC950 /* Frameworks */,
				0DD3B62929977E64000FC950 /* Resources */,
			);
			buildRules = (
			);
			dependencies = (
				0DD3B62D29977E64000FC950 /* PBXTargetDependency */,
			);
			name = TestTests;
			productName = TestTests;
			productReference = 0DD3B62B29977E64000FC950 /* TestTests.xctest */;
			productType = "com.apple.product-type.bundle.unit-test";
		};
		0DD3B63429977E64000FC950 /* TestUITests */ = {
			isa = PBXNativeTarget;
			buildConfigurationList = 0DD3B64529977E64000FC950 /* Build configuration list for PBXNativeTarget "TestUITests" */;
			buildPhases = (
				841F3E425CA1491391B8BD85 /* [CP] Check Pods Manifest.lock */,
				0DD3B63129977E64000FC950 /* Sources */,
				0DD3B63229977E64000FC950 /* Frameworks */,
				0DD3B63329977E64000FC950 /* Resources */,
				465C8C6F7D37F0A43333BAB6 /* [CP] Embed Pods Frameworks */,
			);
			buildRules = (
			);
			dependencies = (
				0DD3B63729977E64000FC950 /* PBXTargetDependency */,
			);
			name = TestUITests;
			productName = TestUITests;
			productReference = 0DD3B63529977E64000FC950 /* TestUITests.xctest */;
			productType = "com.apple.product-type.bundle.ui-testing";
		};
/* End PBXNativeTarget section */

/* Begin PBXProject section */
		0DD3B60D29977E63000FC950 /* Project object */ = {
			isa = PBXProject;
			attributes = {
				BuildIndependentTargetsInParallel = 1;
				LastSwiftUpdateCheck = 1420;
				LastUpgradeCheck = 1420;
				TargetAttributes = {
					0DD3B61429977E63000FC950 = {
						CreatedOnToolsVersion = 14.2;
					};
					0DD3B62A29977E64000FC950 = {
						CreatedOnToolsVersion = 14.2;
						TestTargetID = 0DD3B61429977E63000FC950;
					};
					0DD3B63429977E64000FC950 = {
						CreatedOnToolsVersion = 14.2;
						TestTargetID = 0DD3B61429977E63000FC950;
					};
				};
			};
			buildConfigurationList = 0DD3B61029977E63000FC950 /* Build configuration list for PBXProject "Test" */;
			compatibilityVersion = "Xcode 14.0";
			developmentRegion = en;
			hasScannedForEncodings = 0;
			knownRegions = (
				en,
				Base,
			);
			mainGroup = 0DD3B60C29977E63000FC950;
			productRefGroup = 0DD3B61629977E63000FC950 /* Products */;
			projectDirPath = "";
			projectRoot = "";
			targets = (
				0DD3B61429977E63000FC950 /* Test */,
				0DD3B62A29977E64000FC950 /* TestTests */,
				0DD3B63429977E64000FC950 /* TestUITests */,
			);
		};
/* End PBXProject section */

/* Begin PBXResourcesBuildPhase section */
		0DD3B61329977E63000FC950 /* Resources */ = {
			isa = PBXResourcesBuildPhase;
			buildActionMask = 2147483647;
			files = (
				0DD3B62529977E64000FC950 /* LaunchScreen.storyboard in Resources */,
				0DD3B62229977E64000FC950 /* Assets.xcassets in Resources */,
				0DD3B62029977E63000FC950 /* Main.storyboard in Resources */,
				0DD3B64F299809BF000FC950 /* SearchResultCollectionViewCell.xib in Resources */,
			);
			runOnlyForDeploymentPostprocessing = 0;
		};
		0DD3B62929977E64000FC950 /* Resources */ = {
			isa = PBXResourcesBuildPhase;
			buildActionMask = 2147483647;
			files = (
			);
			runOnlyForDeploymentPostprocessing = 0;
		};
		0DD3B63329977E64000FC950 /* Resources */ = {
			isa = PBXResourcesBuildPhase;
			buildActionMask = 2147483647;
			files = (
			);
			runOnlyForDeploymentPostprocessing = 0;
		};
/* End PBXResourcesBuildPhase section */

/* Begin PBXShellScriptBuildPhase section */
		465C8C6F7D37F0A43333BAB6 /* [CP] Embed Pods Frameworks */ = {
			isa = PBXShellScriptBuildPhase;
			buildActionMask = 2147483647;
			files = (
			);
			inputFileListPaths = (
				"${PODS_ROOT}/Target Support Files/Pods-Test-TestUITests/Pods-Test-TestUITests-frameworks-${CONFIGURATION}-input-files.xcfilelist",
			);
			name = "[CP] Embed Pods Frameworks";
			outputFileListPaths = (
				"${PODS_ROOT}/Target Support Files/Pods-Test-TestUITests/Pods-Test-TestUITests-frameworks-${CONFIGURATION}-output-files.xcfilelist",
			);
			runOnlyForDeploymentPostprocessing = 0;
			shellPath = /bin/sh;
			shellScript = "\"${PODS_ROOT}/Target Support Files/Pods-Test-TestUITests/Pods-Test-TestUITests-frameworks.sh\"\n";
			showEnvVarsInLog = 0;
		};
		56E82932695C6427F86B3B85 /* [CP] Check Pods Manifest.lock */ = {
			isa = PBXShellScriptBuildPhase;
			buildActionMask = 2147483647;
			files = (
			);
			inputFileListPaths = (
			);
			inputPaths = (
				"${PODS_PODFILE_DIR_PATH}/Podfile.lock",
				"${PODS_ROOT}/Manifest.lock",
			);
			name = "[CP] Check Pods Manifest.lock";
			outputFileListPaths = (
			);
			outputPaths = (
				"$(DERIVED_FILE_DIR)/Pods-Test-checkManifestLockResult.txt",
			);
			runOnlyForDeploymentPostprocessing = 0;
			shellPath = /bin/sh;
			shellScript = "diff \"${PODS_PODFILE_DIR_PATH}/Podfile.lock\" \"${PODS_ROOT}/Manifest.lock\" > /dev/null\nif [ $? != 0 ] ; then\n    # print error to STDERR\n    echo \"error: The sandbox is not in sync with the Podfile.lock. Run 'pod install' or update your CocoaPods installation.\" >&2\n    exit 1\nfi\n# This output is used by Xcode 'outputs' to avoid re-running this script phase.\necho \"SUCCESS\" > \"${SCRIPT_OUTPUT_FILE_0}\"\n";
			showEnvVarsInLog = 0;
		};
		6F9F4E0029C3AB83201AF280 /* [CP] Embed Pods Frameworks */ = {
			isa = PBXShellScriptBuildPhase;
			buildActionMask = 2147483647;
			files = (
			);
			inputFileListPaths = (
				"${PODS_ROOT}/Target Support Files/Pods-Test/Pods-Test-frameworks-${CONFIGURATION}-input-files.xcfilelist",
			);
			name = "[CP] Embed Pods Frameworks";
			outputFileListPaths = (
				"${PODS_ROOT}/Target Support Files/Pods-Test/Pods-Test-frameworks-${CONFIGURATION}-output-files.xcfilelist",
			);
			runOnlyForDeploymentPostprocessing = 0;
			shellPath = /bin/sh;
			shellScript = "\"${PODS_ROOT}/Target Support Files/Pods-Test/Pods-Test-frameworks.sh\"\n";
			showEnvVarsInLog = 0;
		};
		841F3E425CA1491391B8BD85 /* [CP] Check Pods Manifest.lock */ = {
			isa = PBXShellScriptBuildPhase;
			buildActionMask = 2147483647;
			files = (
			);
			inputFileListPaths = (
			);
			inputPaths = (
				"${PODS_PODFILE_DIR_PATH}/Podfile.lock",
				"${PODS_ROOT}/Manifest.lock",
			);
			name = "[CP] Check Pods Manifest.lock";
			outputFileListPaths = (
			);
			outputPaths = (
				"$(DERIVED_FILE_DIR)/Pods-Test-TestUITests-checkManifestLockResult.txt",
			);
			runOnlyForDeploymentPostprocessing = 0;
			shellPath = /bin/sh;
			shellScript = "diff \"${PODS_PODFILE_DIR_PATH}/Podfile.lock\" \"${PODS_ROOT}/Manifest.lock\" > /dev/null\nif [ $? != 0 ] ; then\n    # print error to STDERR\n    echo \"error: The sandbox is not in sync with the Podfile.lock. Run 'pod install' or update your CocoaPods installation.\" >&2\n    exit 1\nfi\n# This output is used by Xcode 'outputs' to avoid re-running this script phase.\necho \"SUCCESS\" > \"${SCRIPT_OUTPUT_FILE_0}\"\n";
			showEnvVarsInLog = 0;
		};
		F3F87AE71F82C297BA0426A2 /* [CP] Check Pods Manifest.lock */ = {
			isa = PBXShellScriptBuildPhase;
			buildActionMask = 2147483647;
			files = (
			);
			inputFileListPaths = (
			);
			inputPaths = (
				"${PODS_PODFILE_DIR_PATH}/Podfile.lock",
				"${PODS_ROOT}/Manifest.lock",
			);
			name = "[CP] Check Pods Manifest.lock";
			outputFileListPaths = (
			);
			outputPaths = (
				"$(DERIVED_FILE_DIR)/Pods-TestTests-checkManifestLockResult.txt",
			);
			runOnlyForDeploymentPostprocessing = 0;
			shellPath = /bin/sh;
			shellScript = "diff \"${PODS_PODFILE_DIR_PATH}/Podfile.lock\" \"${PODS_ROOT}/Manifest.lock\" > /dev/null\nif [ $? != 0 ] ; then\n    # print error to STDERR\n    echo \"error: The sandbox is not in sync with the Podfile.lock. Run 'pod install' or update your CocoaPods installation.\" >&2\n    exit 1\nfi\n# This output is used by Xcode 'outputs' to avoid re-running this script phase.\necho \"SUCCESS\" > \"${SCRIPT_OUTPUT_FILE_0}\"\n";
			showEnvVarsInLog = 0;
		};
/* End PBXShellScriptBuildPhase section */

/* Begin PBXSourcesBuildPhase section */
		0DD3B61129977E63000FC950 /* Sources */ = {
			isa = PBXSourcesBuildPhase;
			buildActionMask = 2147483647;
			files = (
				0DD3B61D29977E63000FC950 /* ViewController.swift in Sources */,
				0DD3B61929977E63000FC950 /* AppDelegate.swift in Sources */,
				0DD3B61B29977E63000FC950 /* SceneDelegate.swift in Sources */,
				0DD3B649299807BB000FC950 /* SearchResults.swift in Sources */,
				0DD3B64E299809BF000FC950 /* SearchResultCollectionViewCell.swift in Sources */,
			);
			runOnlyForDeploymentPostprocessing = 0;
		};
		0DD3B62729977E64000FC950 /* Sources */ = {
			isa = PBXSourcesBuildPhase;
			buildActionMask = 2147483647;
			files = (
				0DD3B63029977E64000FC950 /* TestTests.swift in Sources */,
			);
			runOnlyForDeploymentPostprocessing = 0;
		};
		0DD3B63129977E64000FC950 /* Sources */ = {
			isa = PBXSourcesBuildPhase;
			buildActionMask = 2147483647;
			files = (
				0DD3B63C29977E64000FC950 /* TestUITestsLaunchTests.swift in Sources */,
				0DD3B63A29977E64000FC950 /* TestUITests.swift in Sources */,
			);
			runOnlyForDeploymentPostprocessing = 0;
		};
/* End PBXSourcesBuildPhase section */

/* Begin PBXTargetDependency section */
		0DD3B62D29977E64000FC950 /* PBXTargetDependency */ = {
			isa = PBXTargetDependency;
			target = 0DD3B61429977E63000FC950 /* Test */;
			targetProxy = 0DD3B62C29977E64000FC950 /* PBXContainerItemProxy */;
		};
		0DD3B63729977E64000FC950 /* PBXTargetDependency */ = {
			isa = PBXTargetDependency;
			target = 0DD3B61429977E63000FC950 /* Test */;
			targetProxy = 0DD3B63629977E64000FC950 /* PBXContainerItemProxy */;
		};
/* End PBXTargetDependency section */

/* Begin PBXVariantGroup section */
		0DD3B61E29977E63000FC950 /* Main.storyboard */ = {
			isa = PBXVariantGroup;
			children = (
				0DD3B61F29977E63000FC950 /* Base */,
			);
			name = Main.storyboard;
			sourceTree = "<group>";
		};
		0DD3B62329977E64000FC950 /* LaunchScreen.storyboard */ = {
			isa = PBXVariantGroup;
			children = (
				0DD3B62429977E64000FC950 /* Base */,
			);
			name = LaunchScreen.storyboard;
			sourceTree = "<group>";
		};
/* End PBXVariantGroup section */

/* Begin XCBuildConfiguration section */
		0DD3B63D29977E64000FC950 /* Debug */ = {
			isa = XCBuildConfiguration;
			buildSettings = {
				ALWAYS_SEARCH_USER_PATHS = NO;
				CLANG_ANALYZER_NONNULL = YES;
				CLANG_ANALYZER_NUMBER_OBJECT_CONVERSION = YES_AGGRESSIVE;
				CLANG_CXX_LANGUAGE_STANDARD = "gnu++20";
				CLANG_ENABLE_MODULES = YES;
				CLANG_ENABLE_OBJC_ARC = YES;
				CLANG_ENABLE_OBJC_WEAK = YES;
				CLANG_WARN_BLOCK_CAPTURE_AUTORELEASING = YES;
				CLANG_WARN_BOOL_CONVERSION = YES;
				CLANG_WARN_COMMA = YES;
				CLANG_WARN_CONSTANT_CONVERSION = YES;
				CLANG_WARN_DEPRECATED_OBJC_IMPLEMENTATIONS = YES;
				CLANG_WARN_DIRECT_OBJC_ISA_USAGE = YES_ERROR;
				CLANG_WARN_DOCUMENTATION_COMMENTS = YES;
				CLANG_WARN_EMPTY_BODY = YES;
				CLANG_WARN_ENUM_CONVERSION = YES;
				CLANG_WARN_INFINITE_RECURSION = YES;
				CLANG_WARN_INT_CONVERSION = YES;
				CLANG_WARN_NON_LITERAL_NULL_CONVERSION = YES;
				CLANG_WARN_OBJC_IMPLICIT_RETAIN_SELF = YES;
				CLANG_WARN_OBJC_LITERAL_CONVERSION = YES;
				CLANG_WARN_OBJC_ROOT_CLASS = YES_ERROR;
				CLANG_WARN_QUOTED_INCLUDE_IN_FRAMEWORK_HEADER = YES;
				CLANG_WARN_RANGE_LOOP_ANALYSIS = YES;
				CLANG_WARN_STRICT_PROTOTYPES = YES;
				CLANG_WARN_SUSPICIOUS_MOVE = YES;
				CLANG_WARN_UNGUARDED_AVAILABILITY = YES_AGGRESSIVE;
				CLANG_WARN_UNREACHABLE_CODE = YES;
				CLANG_WARN__DUPLICATE_METHOD_MATCH = YES;
				COPY_PHASE_STRIP = NO;
				DEBUG_INFORMATION_FORMAT = dwarf;
				ENABLE_STRICT_OBJC_MSGSEND = YES;
				ENABLE_TESTABILITY = YES;
				GCC_C_LANGUAGE_STANDARD = gnu11;
				GCC_DYNAMIC_NO_PIC = NO;
				GCC_NO_COMMON_BLOCKS = YES;
				GCC_OPTIMIZATION_LEVEL = 0;
				GCC_PREPROCESSOR_DEFINITIONS = (
					"DEBUG=1",
					"$(inherited)",
				);
				GCC_WARN_64_TO_32_BIT_CONVERSION = YES;
				GCC_WARN_ABOUT_RETURN_TYPE = YES_ERROR;
				GCC_WARN_UNDECLARED_SELECTOR = YES;
				GCC_WARN_UNINITIALIZED_AUTOS = YES_AGGRESSIVE;
				GCC_WARN_UNUSED_FUNCTION = YES;
				GCC_WARN_UNUSED_VARIABLE = YES;
				IPHONEOS_DEPLOYMENT_TARGET = 16.2;
				MTL_ENABLE_DEBUG_INFO = INCLUDE_SOURCE;
				MTL_FAST_MATH = YES;
				ONLY_ACTIVE_ARCH = YES;
				SDKROOT = iphoneos;
				SWIFT_ACTIVE_COMPILATION_CONDITIONS = DEBUG;
				SWIFT_OPTIMIZATION_LEVEL = "-Onone";
			};
			name = Debug;
		};
		0DD3B63E29977E64000FC950 /* Release */ = {
			isa = XCBuildConfiguration;
			buildSettings = {
				ALWAYS_SEARCH_USER_PATHS = NO;
				CLANG_ANALYZER_NONNULL = YES;
				CLANG_ANALYZER_NUMBER_OBJECT_CONVERSION = YES_AGGRESSIVE;
				CLANG_CXX_LANGUAGE_STANDARD = "gnu++20";
				CLANG_ENABLE_MODULES = YES;
				CLANG_ENABLE_OBJC_ARC = YES;
				CLANG_ENABLE_OBJC_WEAK = YES;
				CLANG_WARN_BLOCK_CAPTURE_AUTORELEASING = YES;
				CLANG_WARN_BOOL_CONVERSION = YES;
				CLANG_WARN_COMMA = YES;
				CLANG_WARN_CONSTANT_CONVERSION = YES;
				CLANG_WARN_DEPRECATED_OBJC_IMPLEMENTATIONS = YES;
				CLANG_WARN_DIRECT_OBJC_ISA_USAGE = YES_ERROR;
				CLANG_WARN_DOCUMENTATION_COMMENTS = YES;
				CLANG_WARN_EMPTY_BODY = YES;
				CLANG_WARN_ENUM_CONVERSION = YES;
				CLANG_WARN_INFINITE_RECURSION = YES;
				CLANG_WARN_INT_CONVERSION = YES;
				CLANG_WARN_NON_LITERAL_NULL_CONVERSION = YES;
				CLANG_WARN_OBJC_IMPLICIT_RETAIN_SELF = YES;
				CLANG_WARN_OBJC_LITERAL_CONVERSION = YES;
				CLANG_WARN_OBJC_ROOT_CLASS = YES_ERROR;
				CLANG_WARN_QUOTED_INCLUDE_IN_FRAMEWORK_HEADER = YES;
				CLANG_WARN_RANGE_LOOP_ANALYSIS = YES;
				CLANG_WARN_STRICT_PROTOTYPES = YES;
				CLANG_WARN_SUSPICIOUS_MOVE = YES;
				CLANG_WARN_UNGUARDED_AVAILABILITY = YES_AGGRESSIVE;
				CLANG_WARN_UNREACHABLE_CODE = YES;
				CLANG_WARN__DUPLICATE_METHOD_MATCH = YES;
				COPY_PHASE_STRIP = NO;
				DEBUG_INFORMATION_FORMAT = "dwarf-with-dsym";
				ENABLE_NS_ASSERTIONS = NO;
				ENABLE_STRICT_OBJC_MSGSEND = YES;
				GCC_C_LANGUAGE_STANDARD = gnu11;
				GCC_NO_COMMON_BLOCKS = YES;
				GCC_WARN_64_TO_32_BIT_CONVERSION = YES;
				GCC_WARN_ABOUT_RETURN_TYPE = YES_ERROR;
				GCC_WARN_UNDECLARED_SELECTOR = YES;
				GCC_WARN_UNINITIALIZED_AUTOS = YES_AGGRESSIVE;
				GCC_WARN_UNUSED_FUNCTION = YES;
				GCC_WARN_UNUSED_VARIABLE = YES;
				IPHONEOS_DEPLOYMENT_TARGET = 16.2;
				MTL_ENABLE_DEBUG_INFO = NO;
				MTL_FAST_MATH = YES;
				SDKROOT = iphoneos;
				SWIFT_COMPILATION_MODE = wholemodule;
				SWIFT_OPTIMIZATION_LEVEL = "-O";
				VALIDATE_PRODUCT = YES;
			};
			name = Release;
		};
		0DD3B64029977E64000FC950 /* Debug */ = {
			isa = XCBuildConfiguration;
			baseConfigurationReference = 115827528B73F6038FDE1D25 /* Pods-Test.debug.xcconfig */;
			buildSettings = {
				ASSETCATALOG_COMPILER_APPICON_NAME = AppIcon;
				ASSETCATALOG_COMPILER_GLOBAL_ACCENT_COLOR_NAME = AccentColor;
				CODE_SIGN_STYLE = Automatic;
				CURRENT_PROJECT_VERSION = 1;
				GENERATE_INFOPLIST_FILE = YES;
				INFOPLIST_FILE = Test/Info.plist;
				INFOPLIST_KEY_UIApplicationSupportsIndirectInputEvents = YES;
				INFOPLIST_KEY_UILaunchStoryboardName = LaunchScreen;
				INFOPLIST_KEY_UIMainStoryboardFile = Main;
				INFOPLIST_KEY_UISupportedInterfaceOrientations_iPad = "UIInterfaceOrientationPortrait UIInterfaceOrientationPortraitUpsideDown UIInterfaceOrientationLandscapeLeft UIInterfaceOrientationLandscapeRight";
				INFOPLIST_KEY_UISupportedInterfaceOrientations_iPhone = "UIInterfaceOrientationPortrait UIInterfaceOrientationLandscapeLeft UIInterfaceOrientationLandscapeRight";
				LD_RUNPATH_SEARCH_PATHS = (
					"$(inherited)",
					"@executable_path/Frameworks",
				);
				MARKETING_VERSION = 1.0;
				PRODUCT_BUNDLE_IDENTIFIER = com.test.Test;
				PRODUCT_NAME = "$(TARGET_NAME)";
				SWIFT_EMIT_LOC_STRINGS = YES;
				SWIFT_VERSION = 5.0;
				TARGETED_DEVICE_FAMILY = "1,2";
			};
			name = Debug;
		};
		0DD3B64129977E64000FC950 /* Release */ = {
			isa = XCBuildConfiguration;
			baseConfigurationReference = 608198472134AB7EBE1F0CB6 /* Pods-Test.release.xcconfig */;
			buildSettings = {
				ASSETCATALOG_COMPILER_APPICON_NAME = AppIcon;
				ASSETCATALOG_COMPILER_GLOBAL_ACCENT_COLOR_NAME = AccentColor;
				CODE_SIGN_STYLE = Automatic;
				CURRENT_PROJECT_VERSION = 1;
				GENERATE_INFOPLIST_FILE = YES;
				INFOPLIST_FILE = Test/Info.plist;
				INFOPLIST_KEY_UIApplicationSupportsIndirectInputEvents = YES;
				INFOPLIST_KEY_UILaunchStoryboardName = LaunchScreen;
				INFOPLIST_KEY_UIMainStoryboardFile = Main;
				INFOPLIST_KEY_UISupportedInterfaceOrientations_iPad = "UIInterfaceOrientationPortrait UIInterfaceOrientationPortraitUpsideDown UIInterfaceOrientationLandscapeLeft UIInterfaceOrientationLandscapeRight";
				INFOPLIST_KEY_UISupportedInterfaceOrientations_iPhone = "UIInterfaceOrientationPortrait UIInterfaceOrientationLandscapeLeft UIInterfaceOrientationLandscapeRight";
				LD_RUNPATH_SEARCH_PATHS = (
					"$(inherited)",
					"@executable_path/Frameworks",
				);
				MARKETING_VERSION = 1.0;
				PRODUCT_BUNDLE_IDENTIFIER = com.test.Test;
				PRODUCT_NAME = "$(TARGET_NAME)";
				SWIFT_EMIT_LOC_STRINGS = YES;
				SWIFT_VERSION = 5.0;
				TARGETED_DEVICE_FAMILY = "1,2";
			};
			name = Release;
		};
		0DD3B64329977E64000FC950 /* Debug */ = {
			isa = XCBuildConfiguration;
			baseConfigurationReference = 95216CB060AD27E9EDE85875 /* Pods-TestTests.debug.xcconfig */;
			buildSettings = {
				ALWAYS_EMBED_SWIFT_STANDARD_LIBRARIES = YES;
				BUNDLE_LOADER = "$(TEST_HOST)";
				CODE_SIGN_STYLE = Automatic;
				CURRENT_PROJECT_VERSION = 1;
				GENERATE_INFOPLIST_FILE = YES;
				IPHONEOS_DEPLOYMENT_TARGET = 16.2;
				MARKETING_VERSION = 1.0;
				PRODUCT_BUNDLE_IDENTIFIER = com.test.TestTests;
				PRODUCT_NAME = "$(TARGET_NAME)";
				SWIFT_EMIT_LOC_STRINGS = NO;
				SWIFT_VERSION = 5.0;
				TARGETED_DEVICE_FAMILY = "1,2";
				TEST_HOST = "$(BUILT_PRODUCTS_DIR)/Test.app/$(BUNDLE_EXECUTABLE_FOLDER_PATH)/Test";
			};
			name = Debug;
		};
		0DD3B64429977E64000FC950 /* Release */ = {
			isa = XCBuildConfiguration;
			baseConfigurationReference = 3B7174B52FC34E6491AD3922 /* Pods-TestTests.release.xcconfig */;
			buildSettings = {
				ALWAYS_EMBED_SWIFT_STANDARD_LIBRARIES = YES;
				BUNDLE_LOADER = "$(TEST_HOST)";
				CODE_SIGN_STYLE = Automatic;
				CURRENT_PROJECT_VERSION = 1;
				GENERATE_INFOPLIST_FILE = YES;
				IPHONEOS_DEPLOYMENT_TARGET = 16.2;
				MARKETING_VERSION = 1.0;
				PRODUCT_BUNDLE_IDENTIFIER = com.test.TestTests;
				PRODUCT_NAME = "$(TARGET_NAME)";
				SWIFT_EMIT_LOC_STRINGS = NO;
				SWIFT_VERSION = 5.0;
				TARGETED_DEVICE_FAMILY = "1,2";
				TEST_HOST = "$(BUILT_PRODUCTS_DIR)/Test.app/$(BUNDLE_EXECUTABLE_FOLDER_PATH)/Test";
			};
			name = Release;
		};
		0DD3B64629977E64000FC950 /* Debug */ = {
			isa = XCBuildConfiguration;
			baseConfigurationReference = 995687212B7395AAB50E313C /* Pods-Test-TestUITests.debug.xcconfig */;
			buildSettings = {
				ALWAYS_EMBED_SWIFT_STANDARD_LIBRARIES = YES;
				CODE_SIGN_STYLE = Automatic;
				CURRENT_PROJECT_VERSION = 1;
				GENERATE_INFOPLIST_FILE = YES;
				MARKETING_VERSION = 1.0;
				PRODUCT_BUNDLE_IDENTIFIER = com.test.TestUITests;
				PRODUCT_NAME = "$(TARGET_NAME)";
				SWIFT_EMIT_LOC_STRINGS = NO;
				SWIFT_VERSION = 5.0;
				TARGETED_DEVICE_FAMILY = "1,2";
				TEST_TARGET_NAME = Test;
			};
			name = Debug;
		};
		0DD3B64729977E64000FC950 /* Release */ = {
			isa = XCBuildConfiguration;
			baseConfigurationReference = 8075C02C85583AC60328624A /* Pods-Test-TestUITests.release.xcconfig */;
			buildSettings = {
				ALWAYS_EMBED_SWIFT_STANDARD_LIBRARIES = YES;
				CODE_SIGN_STYLE = Automatic;
				CURRENT_PROJECT_VERSION = 1;
				GENERATE_INFOPLIST_FILE = YES;
				MARKETING_VERSION = 1.0;
				PRODUCT_BUNDLE_IDENTIFIER = com.test.TestUITests;
				PRODUCT_NAME = "$(TARGET_NAME)";
				SWIFT_EMIT_LOC_STRINGS = NO;
				SWIFT_VERSION = 5.0;
				TARGETED_DEVICE_FAMILY = "1,2";
				TEST_TARGET_NAME = Test;
			};
			name = Release;
		};
/* End XCBuildConfiguration section */

/* Begin XCConfigurationList section */
		0DD3B61029977E63000FC950 /* Build configuration list for PBXProject "Test" */ = {
			isa = XCConfigurationList;
			buildConfigurations = (
				0DD3B63D29977E64000FC950 /* Debug */,
				0DD3B63E29977E64000FC950 /* Release */,
			);
			defaultConfigurationIsVisible = 0;
			defaultConfigurationName = Release;
		};
		0DD3B63F29977E64000FC950 /* Build configuration list for PBXNativeTarget "Test" */ = {
			isa = XCConfigurationList;
			buildConfigurations = (
				0DD3B64029977E64000FC950 /* Debug */,
				0DD3B64129977E64000FC950 /* Release */,
			);
			defaultConfigurationIsVisible = 0;
			defaultConfigurationName = Release;
		};
		0DD3B64229977E64000FC950 /* Build configuration list for PBXNativeTarget "TestTests" */ = {
			isa = XCConfigurationList;
			buildConfigurations = (
				0DD3B64329977E64000FC950 /* Debug */,
				0DD3B64429977E64000FC950 /* Release */,
			);
			defaultConfigurationIsVisible = 0;
			defaultConfigurationName = Release;
		};
		0DD3B64529977E64000FC950 /* Build configuration list for PBXNativeTarget "TestUITests" */ = {
			isa = XCConfigurationList;
			buildConfigurations = (
				0DD3B64629977E64000FC950 /* Debug */,
				0DD3B64729977E64000FC950 /* Release */,
			);
			defaultConfigurationIsVisible = 0;
			defaultConfigurationName = Release;
		};
/* End XCConfigurationList section */
	};
	rootObject = 0DD3B60D29977E63000FC950 /* Project object */;
}
